
Microsoft Visual Studio Solution File, Format Version 12.00
# Visual Studio Version 17
VisualStudioVersion = 17.7.34024.191
MinimumVisualStudioVersion = 10.0.40219.1
Project("{FAE04EC0-301F-11D3-BF4B-00C04F79EFBC}") = "TO-Do List", "TO-Do List\TO-Do List.csproj", "{84234956-1FBD-4227-8286-5B03295D2347}"
EndProject
Global
	GlobalSection(SolutionConfigurationPlatforms) = preSolution
		Debug|Any CPU = Debug|Any CPU
		Release|Any CPU = Release|Any CPU
	EndGlobalSection
	GlobalSection(ProjectConfigurationPlatforms) = postSolution
		{84234956-1FBD-4227-8286-5B03295D2347}.Debug|Any CPU.ActiveCfg = Debug|Any CPU
		{84234956-1FBD-4227-8286-5B03295D2347}.Debug|Any CPU.Build.0 = Debug|Any CPU
		{84234956-1FBD-4227-8286-5B03295D2347}.Release|Any CPU.ActiveCfg = Release|Any CPU
		{84234956-1FBD-4227-8286-5B03295D2347}.Release|Any CPU.Build.0 = Release|Any CPU
	EndGlobalSection
	GlobalSection(SolutionProperties) = preSolution
		HideSolutionNode = FALSE
	EndGlobalSection
	GlobalSection(ExtensibilityGlobals) = postSolution
		SolutionGuid = {615DD0AD-7755-4BA4-A5A7-24EE15B2B5B8}
	EndGlobalSection
EndGlobal
